
Microsoft Visual Studio Solution File, Format Version 12.00
# Visual Studio Version 16
VisualStudioVersion = 16.0.33529.622
MinimumVisualStudioVersion = 10.0.40219.1
Project("{FAE04EC0-301F-11D3-BF4B-00C04F79EFBC}") = "SampleWebsite", "SampleWebsite\SampleWebsite.csproj", "{9D8103F7-3154-4869-8B91-31E25F5655CE}"
EndProject
Global
	GlobalSection(SolutionConfigurationPlatforms) = preSolution
		Debug|Any CPU = Debug|Any CPU
		Release|Any CPU = Release|Any CPU
	EndGlobalSection
	GlobalSection(ProjectConfigurationPlatforms) = postSolution
		{9D8103F7-3154-4869-8B91-31E25F5655CE}.Debug|Any CPU.ActiveCfg = Debug|Any CPU
		{9D8103F7-3154-4869-8B91-31E25F5655CE}.Debug|Any CPU.Build.0 = Debug|Any CPU
		{9D8103F7-3154-4869-8B91-31E25F5655CE}.Release|Any CPU.ActiveCfg = Release|Any CPU
		{9D8103F7-3154-4869-8B91-31E25F5655CE}.Release|Any CPU.Build.0 = Release|Any CPU
	EndGlobalSection
	GlobalSection(SolutionProperties) = preSolution
		HideSolutionNode = FALSE
	EndGlobalSection
	GlobalSection(ExtensibilityGlobals) = postSolution
		SolutionGuid = {E55CCD95-A647-497F-A8A5-52C83888AB8C}
	EndGlobalSection
EndGlobal
